
Microsoft Visual Studio Solution File, Format Version 12.00
# Visual Studio Version 17
VisualStudioVersion = 17.3.32922.545
MinimumVisualStudioVersion = 10.0.40219.1
Project("{FAE04EC0-301F-11D3-BF4B-00C04F79EFBC}") = "Calculator", "Calculator\Calculator.csproj", "{1196AAAC-C9D3-4E42-AC3A-3025278E9066}"
EndProject
Global
	GlobalSection(SolutionConfigurationPlatforms) = preSolution
		Debug|Any CPU = Debug|Any CPU
		Release|Any CPU = Release|Any CPU
	EndGlobalSection
	GlobalSection(ProjectConfigurationPlatforms) = postSolution
		{1196AAAC-C9D3-4E42-AC3A-3025278E9066}.Debug|Any CPU.ActiveCfg = Debug|Any CPU
		{1196AAAC-C9D3-4E42-AC3A-3025278E9066}.Debug|Any CPU.Build.0 = Debug|Any CPU
		{1196AAAC-C9D3-4E42-AC3A-3025278E9066}.Release|Any CPU.ActiveCfg = Release|Any CPU
		{1196AAAC-C9D3-4E42-AC3A-3025278E9066}.Release|Any CPU.Build.0 = Release|Any CPU
	EndGlobalSection
	GlobalSection(SolutionProperties) = preSolution
		HideSolutionNode = FALSE
	EndGlobalSection
	GlobalSection(ExtensibilityGlobals) = postSolution
		SolutionGuid = {0826617F-2F87-4111-B5C7-F6243563C5C8}
	EndGlobalSection
EndGlobal
